
Microsoft Visual Studio Solution File, Format Version 12.00
# Visual Studio Version 17
VisualStudioVersion = 17.0.31903.59
MinimumVisualStudioVersion = 10.0.40219.1
Project("{FAE04EC0-301F-11D3-BF4B-00C04F79EFBC}") = "Domain", "Domain\Domain.csproj", "{6A6C0EEB-98F6-4584-A87B-23D0479C8E51}"
EndProject
Project("{FAE04EC0-301F-11D3-BF4B-00C04F79EFBC}") = "Infrastructure", "Infrastructure\Infrastructure.csproj", "{B1EFB98E-84FE-4AD2-966D-4C904D567002}"
EndProject
Project("{FAE04EC0-301F-11D3-BF4B-00C04F79EFBC}") = "ApiPrueba", "ApiPrueba\ApiPrueba.csproj", "{F201825F-D866-485A-A7B9-EB51912CACB4}"
EndProject
Project("{FAE04EC0-301F-11D3-BF4B-00C04F79EFBC}") = "Application", "Application\Application.csproj", "{078BA8A1-8873-4CAB-A936-A847629E45C4}"
EndProject
Global
	GlobalSection(SolutionConfigurationPlatforms) = preSolution
		Debug|Any CPU = Debug|Any CPU
		Debug|x64 = Debug|x64
		Debug|x86 = Debug|x86
		Release|Any CPU = Release|Any CPU
		Release|x64 = Release|x64
		Release|x86 = Release|x86
	EndGlobalSection
	GlobalSection(ProjectConfigurationPlatforms) = postSolution
		{6A6C0EEB-98F6-4584-A87B-23D0479C8E51}.Debug|Any CPU.ActiveCfg = Debug|Any CPU
		{6A6C0EEB-98F6-4584-A87B-23D0479C8E51}.Debug|Any CPU.Build.0 = Debug|Any CPU
		{6A6C0EEB-98F6-4584-A87B-23D0479C8E51}.Debug|x64.ActiveCfg = Debug|Any CPU
		{6A6C0EEB-98F6-4584-A87B-23D0479C8E51}.Debug|x64.Build.0 = Debug|Any CPU
		{6A6C0EEB-98F6-4584-A87B-23D0479C8E51}.Debug|x86.ActiveCfg = Debug|Any CPU
		{6A6C0EEB-98F6-4584-A87B-23D0479C8E51}.Debug|x86.Build.0 = Debug|Any CPU
		{6A6C0EEB-98F6-4584-A87B-23D0479C8E51}.Release|Any CPU.ActiveCfg = Release|Any CPU
		{6A6C0EEB-98F6-4584-A87B-23D0479C8E51}.Release|Any CPU.Build.0 = Release|Any CPU
		{6A6C0EEB-98F6-4584-A87B-23D0479C8E51}.Release|x64.ActiveCfg = Release|Any CPU
		{6A6C0EEB-98F6-4584-A87B-23D0479C8E51}.Release|x64.Build.0 = Release|Any CPU
		{6A6C0EEB-98F6-4584-A87B-23D0479C8E51}.Release|x86.ActiveCfg = Release|Any CPU
		{6A6C0EEB-98F6-4584-A87B-23D0479C8E51}.Release|x86.Build.0 = Release|Any CPU
		{B1EFB98E-84FE-4AD2-966D-4C904D567002}.Debug|Any CPU.ActiveCfg = Debug|Any CPU
		{B1EFB98E-84FE-4AD2-966D-4C904D567002}.Debug|Any CPU.Build.0 = Debug|Any CPU
		{B1EFB98E-84FE-4AD2-966D-4C904D567002}.Debug|x64.ActiveCfg = Debug|Any CPU
		{B1EFB98E-84FE-4AD2-966D-4C904D567002}.Debug|x64.Build.0 = Debug|Any CPU
		{B1EFB98E-84FE-4AD2-966D-4C904D567002}.Debug|x86.ActiveCfg = Debug|Any CPU
		{B1EFB98E-84FE-4AD2-966D-4C904D567002}.Debug|x86.Build.0 = Debug|Any CPU
		{B1EFB98E-84FE-4AD2-966D-4C904D567002}.Release|Any CPU.ActiveCfg = Release|Any CPU
		{B1EFB98E-84FE-4AD2-966D-4C904D567002}.Release|Any CPU.Build.0 = Release|Any CPU
		{B1EFB98E-84FE-4AD2-966D-4C904D567002}.Release|x64.ActiveCfg = Release|Any CPU
		{B1EFB98E-84FE-4AD2-966D-4C904D567002}.Release|x64.Build.0 = Release|Any CPU
		{B1EFB98E-84FE-4AD2-966D-4C904D567002}.Release|x86.ActiveCfg = Release|Any CPU
		{B1EFB98E-84FE-4AD2-966D-4C904D567002}.Release|x86.Build.0 = Release|Any CPU
		{F201825F-D866-485A-A7B9-EB51912CACB4}.Debug|Any CPU.ActiveCfg = Debug|Any CPU
		{F201825F-D866-485A-A7B9-EB51912CACB4}.Debug|Any CPU.Build.0 = Debug|Any CPU
		{F201825F-D866-485A-A7B9-EB51912CACB4}.Debug|x64.ActiveCfg = Debug|Any CPU
		{F201825F-D866-485A-A7B9-EB51912CACB4}.Debug|x64.Build.0 = Debug|Any CPU
		{F201825F-D866-485A-A7B9-EB51912CACB4}.Debug|x86.ActiveCfg = Debug|Any CPU
		{F201825F-D866-485A-A7B9-EB51912CACB4}.Debug|x86.Build.0 = Debug|Any CPU
		{F201825F-D866-485A-A7B9-EB51912CACB4}.Release|Any CPU.ActiveCfg = Release|Any CPU
		{F201825F-D866-485A-A7B9-EB51912CACB4}.Release|Any CPU.Build.0 = Release|Any CPU
		{F201825F-D866-485A-A7B9-EB51912CACB4}.Release|x64.ActiveCfg = Release|Any CPU
		{F201825F-D866-485A-A7B9-EB51912CACB4}.Release|x64.Build.0 = Release|Any CPU
		{F201825F-D866-485A-A7B9-EB51912CACB4}.Release|x86.ActiveCfg = Release|Any CPU
		{F201825F-D866-485A-A7B9-EB51912CACB4}.Release|x86.Build.0 = Release|Any CPU
		{078BA8A1-8873-4CAB-A936-A847629E45C4}.Debug|Any CPU.ActiveCfg = Debug|Any CPU
		{078BA8A1-8873-4CAB-A936-A847629E45C4}.Debug|Any CPU.Build.0 = Debug|Any CPU
		{078BA8A1-8873-4CAB-A936-A847629E45C4}.Debug|x64.ActiveCfg = Debug|Any CPU
		{078BA8A1-8873-4CAB-A936-A847629E45C4}.Debug|x64.Build.0 = Debug|Any CPU
		{078BA8A1-8873-4CAB-A936-A847629E45C4}.Debug|x86.ActiveCfg = Debug|Any CPU
		{078BA8A1-8873-4CAB-A936-A847629E45C4}.Debug|x86.Build.0 = Debug|Any CPU
		{078BA8A1-8873-4CAB-A936-A847629E45C4}.Release|Any CPU.ActiveCfg = Release|Any CPU
		{078BA8A1-8873-4CAB-A936-A847629E45C4}.Release|Any CPU.Build.0 = Release|Any CPU
		{078BA8A1-8873-4CAB-A936-A847629E45C4}.Release|x64.ActiveCfg = Release|Any CPU
		{078BA8A1-8873-4CAB-A936-A847629E45C4}.Release|x64.Build.0 = Release|Any CPU
		{078BA8A1-8873-4CAB-A936-A847629E45C4}.Release|x86.ActiveCfg = Release|Any CPU
		{078BA8A1-8873-4CAB-A936-A847629E45C4}.Release|x86.Build.0 = Release|Any CPU
	EndGlobalSection
	GlobalSection(SolutionProperties) = preSolution
		HideSolutionNode = FALSE
	EndGlobalSection
EndGlobal
