
Microsoft Visual Studio Solution File, Format Version 12.00
# Visual Studio Version 17
VisualStudioVersion = 17.0.31903.59
MinimumVisualStudioVersion = 10.0.40219.1
Project("{FAE04EC0-301F-11D3-BF4B-00C04F79EFBC}") = "Domain", "Domain\Domain.csproj", "{218766F7-4E95-4861-8804-9D46FA7E202F}"
EndProject
Project("{FAE04EC0-301F-11D3-BF4B-00C04F79EFBC}") = "Infrastructure", "Infrastructure\Infrastructure.csproj", "{CE7078E2-D9E5-4D44-B7D7-3185828C7C84}"
EndProject
Project("{FAE04EC0-301F-11D3-BF4B-00C04F79EFBC}") = "ApiPrueba", "ApiPrueba\ApiPrueba.csproj", "{C9B299FD-3EC9-40B0-8E1D-AE9375444B69}"
EndProject
Project("{FAE04EC0-301F-11D3-BF4B-00C04F79EFBC}") = "Application", "Application\Application.csproj", "{A60A27E4-19C2-49AD-A0FC-6B482D8EE24A}"
EndProject
Global
	GlobalSection(SolutionConfigurationPlatforms) = preSolution
		Debug|Any CPU = Debug|Any CPU
		Debug|x64 = Debug|x64
		Debug|x86 = Debug|x86
		Release|Any CPU = Release|Any CPU
		Release|x64 = Release|x64
		Release|x86 = Release|x86
	EndGlobalSection
	GlobalSection(ProjectConfigurationPlatforms) = postSolution
		{218766F7-4E95-4861-8804-9D46FA7E202F}.Debug|Any CPU.ActiveCfg = Debug|Any CPU
		{218766F7-4E95-4861-8804-9D46FA7E202F}.Debug|Any CPU.Build.0 = Debug|Any CPU
		{218766F7-4E95-4861-8804-9D46FA7E202F}.Debug|x64.ActiveCfg = Debug|Any CPU
		{218766F7-4E95-4861-8804-9D46FA7E202F}.Debug|x64.Build.0 = Debug|Any CPU
		{218766F7-4E95-4861-8804-9D46FA7E202F}.Debug|x86.ActiveCfg = Debug|Any CPU
		{218766F7-4E95-4861-8804-9D46FA7E202F}.Debug|x86.Build.0 = Debug|Any CPU
		{218766F7-4E95-4861-8804-9D46FA7E202F}.Release|Any CPU.ActiveCfg = Release|Any CPU
		{218766F7-4E95-4861-8804-9D46FA7E202F}.Release|Any CPU.Build.0 = Release|Any CPU
		{218766F7-4E95-4861-8804-9D46FA7E202F}.Release|x64.ActiveCfg = Release|Any CPU
		{218766F7-4E95-4861-8804-9D46FA7E202F}.Release|x64.Build.0 = Release|Any CPU
		{218766F7-4E95-4861-8804-9D46FA7E202F}.Release|x86.ActiveCfg = Release|Any CPU
		{218766F7-4E95-4861-8804-9D46FA7E202F}.Release|x86.Build.0 = Release|Any CPU
		{CE7078E2-D9E5-4D44-B7D7-3185828C7C84}.Debug|Any CPU.ActiveCfg = Debug|Any CPU
		{CE7078E2-D9E5-4D44-B7D7-3185828C7C84}.Debug|Any CPU.Build.0 = Debug|Any CPU
		{CE7078E2-D9E5-4D44-B7D7-3185828C7C84}.Debug|x64.ActiveCfg = Debug|Any CPU
		{CE7078E2-D9E5-4D44-B7D7-3185828C7C84}.Debug|x64.Build.0 = Debug|Any CPU
		{CE7078E2-D9E5-4D44-B7D7-3185828C7C84}.Debug|x86.ActiveCfg = Debug|Any CPU
		{CE7078E2-D9E5-4D44-B7D7-3185828C7C84}.Debug|x86.Build.0 = Debug|Any CPU
		{CE7078E2-D9E5-4D44-B7D7-3185828C7C84}.Release|Any CPU.ActiveCfg = Release|Any CPU
		{CE7078E2-D9E5-4D44-B7D7-3185828C7C84}.Release|Any CPU.Build.0 = Release|Any CPU
		{CE7078E2-D9E5-4D44-B7D7-3185828C7C84}.Release|x64.ActiveCfg = Release|Any CPU
		{CE7078E2-D9E5-4D44-B7D7-3185828C7C84}.Release|x64.Build.0 = Release|Any CPU
		{CE7078E2-D9E5-4D44-B7D7-3185828C7C84}.Release|x86.ActiveCfg = Release|Any CPU
		{CE7078E2-D9E5-4D44-B7D7-3185828C7C84}.Release|x86.Build.0 = Release|Any CPU
		{C9B299FD-3EC9-40B0-8E1D-AE9375444B69}.Debug|Any CPU.ActiveCfg = Debug|Any CPU
		{C9B299FD-3EC9-40B0-8E1D-AE9375444B69}.Debug|Any CPU.Build.0 = Debug|Any CPU
		{C9B299FD-3EC9-40B0-8E1D-AE9375444B69}.Debug|x64.ActiveCfg = Debug|Any CPU
		{C9B299FD-3EC9-40B0-8E1D-AE9375444B69}.Debug|x64.Build.0 = Debug|Any CPU
		{C9B299FD-3EC9-40B0-8E1D-AE9375444B69}.Debug|x86.ActiveCfg = Debug|Any CPU
		{C9B299FD-3EC9-40B0-8E1D-AE9375444B69}.Debug|x86.Build.0 = Debug|Any CPU
		{C9B299FD-3EC9-40B0-8E1D-AE9375444B69}.Release|Any CPU.ActiveCfg = Release|Any CPU
		{C9B299FD-3EC9-40B0-8E1D-AE9375444B69}.Release|Any CPU.Build.0 = Release|Any CPU
		{C9B299FD-3EC9-40B0-8E1D-AE9375444B69}.Release|x64.ActiveCfg = Release|Any CPU
		{C9B299FD-3EC9-40B0-8E1D-AE9375444B69}.Release|x64.Build.0 = Release|Any CPU
		{C9B299FD-3EC9-40B0-8E1D-AE9375444B69}.Release|x86.ActiveCfg = Release|Any CPU
		{C9B299FD-3EC9-40B0-8E1D-AE9375444B69}.Release|x86.Build.0 = Release|Any CPU
		{A60A27E4-19C2-49AD-A0FC-6B482D8EE24A}.Debug|Any CPU.ActiveCfg = Debug|Any CPU
		{A60A27E4-19C2-49AD-A0FC-6B482D8EE24A}.Debug|Any CPU.Build.0 = Debug|Any CPU
		{A60A27E4-19C2-49AD-A0FC-6B482D8EE24A}.Debug|x64.ActiveCfg = Debug|Any CPU
		{A60A27E4-19C2-49AD-A0FC-6B482D8EE24A}.Debug|x64.Build.0 = Debug|Any CPU
		{A60A27E4-19C2-49AD-A0FC-6B482D8EE24A}.Debug|x86.ActiveCfg = Debug|Any CPU
		{A60A27E4-19C2-49AD-A0FC-6B482D8EE24A}.Debug|x86.Build.0 = Debug|Any CPU
		{A60A27E4-19C2-49AD-A0FC-6B482D8EE24A}.Release|Any CPU.ActiveCfg = Release|Any CPU
		{A60A27E4-19C2-49AD-A0FC-6B482D8EE24A}.Release|Any CPU.Build.0 = Release|Any CPU
		{A60A27E4-19C2-49AD-A0FC-6B482D8EE24A}.Release|x64.ActiveCfg = Release|Any CPU
		{A60A27E4-19C2-49AD-A0FC-6B482D8EE24A}.Release|x64.Build.0 = Release|Any CPU
		{A60A27E4-19C2-49AD-A0FC-6B482D8EE24A}.Release|x86.ActiveCfg = Release|Any CPU
		{A60A27E4-19C2-49AD-A0FC-6B482D8EE24A}.Release|x86.Build.0 = Release|Any CPU
	EndGlobalSection
	GlobalSection(SolutionProperties) = preSolution
		HideSolutionNode = FALSE
	EndGlobalSection
EndGlobal
